
Microsoft Visual Studio Solution File, Format Version 12.00
# Visual Studio Version 16
VisualStudioVersion = 16.0.30611.23
MinimumVisualStudioVersion = 10.0.40219.1
Project("{FAE04EC0-301F-11D3-BF4B-00C04F79EFBC}") = "MVC", "MVC\MVC.csproj", "{1F5D67CF-F49A-42E6-AE04-E1DE9DE9BA48}"
EndProject
Global
	GlobalSection(SolutionConfigurationPlatforms) = preSolution
		Debug|Any CPU = Debug|Any CPU
		Release|Any CPU = Release|Any CPU
	EndGlobalSection
	GlobalSection(ProjectConfigurationPlatforms) = postSolution
		{1F5D67CF-F49A-42E6-AE04-E1DE9DE9BA48}.Debug|Any CPU.ActiveCfg = Debug|Any CPU
		{1F5D67CF-F49A-42E6-AE04-E1DE9DE9BA48}.Debug|Any CPU.Build.0 = Debug|Any CPU
		{1F5D67CF-F49A-42E6-AE04-E1DE9DE9BA48}.Release|Any CPU.ActiveCfg = Release|Any CPU
		{1F5D67CF-F49A-42E6-AE04-E1DE9DE9BA48}.Release|Any CPU.Build.0 = Release|Any CPU
	EndGlobalSection
	GlobalSection(SolutionProperties) = preSolution
		HideSolutionNode = FALSE
	EndGlobalSection
	GlobalSection(ExtensibilityGlobals) = postSolution
		SolutionGuid = {CED95D6A-47C8-4931-81A5-C75B54B788AA}
	EndGlobalSection
EndGlobal
